// !$*UTF8*$!
{
	archiveVersion = 1;
	classes = {
	};
	objectVersion = 46;
	objects = {

/* Begin PBXBuildFile section */
		3734AC8B1C05B647005FFBAE /* main.m in Sources */ = {isa = PBXBuildFile; fileRef = 3734AC8A1C05B647005FFBAE /* main.m */; };
		3734AC8E1C05B647005FFBAE /* AppDelegate.m in Sources */ = {isa = PBXBuildFile; fileRef = 3734AC8D1C05B647005FFBAE /* AppDelegate.m */; };
		3734AC961C05B647005FFBAE /* Assets.xcassets in Resources */ = {isa = PBXBuildFile; fileRef = 3734AC951C05B647005FFBAE /* Assets.xcassets */; };
		3734AC991C05B647005FFBAE /* LaunchScreen.storyboard in Resources */ = {isa = PBXBuildFile; fileRef = 3734AC971C05B647005FFBAE /* LaunchScreen.storyboard */; };
		3734ACA21C05B66B005FFBAE /* LNBViewController.m in Sources */ = {isa = PBXBuildFile; fileRef = 3734ACA11C05B66B005FFBAE /* LNBViewController.m */; };
		3734ACB01C05B687005FFBAE /* pig0.png in Resources */ = {isa = PBXBuildFile; fileRef = 3734ACA51C05B687005FFBAE /* pig0.png */; };
		3734ACB11C05B687005FFBAE /* pig1.png in Resources */ = {isa = PBXBuildFile; fileRef = 3734ACA61C05B687005FFBAE /* pig1.png */; };
		3734ACB21C05B687005FFBAE /* pig2.png in Resources */ = {isa = PBXBuildFile; fileRef = 3734ACA71C05B687005FFBAE /* pig2.png */; };
		3734ACB31C05B687005FFBAE /* pig3.png in Resources */ = {isa = PBXBuildFile; fileRef = 3734ACA81C05B687005FFBAE /* pig3.png */; };
		3734ACB41C05B687005FFBAE /* pig4.png in Resources */ = {isa = PBXBuildFile; fileRef = 3734ACA91C05B687005FFBAE /* pig4.png */; };
		3734ACB51C05B687005FFBAE /* pig5.png in Resources */ = {isa = PBXBuildFile; fileRef = 3734ACAA1C05B687005FFBAE /* pig5.png */; };
		3734ACB61C05B687005FFBAE /* LNBTableViewLoadMoreView.m in Sources */ = {isa = PBXBuildFile; fileRef = 3734ACAC1C05B687005FFBAE /* LNBTableViewLoadMoreView.m */; };
		3734ACB71C05B687005FFBAE /* LNBTableViewRefreshView.m in Sources */ = {isa = PBXBuildFile; fileRef = 3734ACAF1C05B687005FFBAE /* LNBTableViewRefreshView.m */; };
/* End PBXBuildFile section */

/* Begin PBXFileReference section */
		3734AC861C05B647005FFBAE /* LNBTableViewRefresh.app */ = {isa = PBXFileReference; explicitFileType = wrapper.application; includeInIndex = 0; path = LNBTableViewRefresh.app; sourceTree = BUILT_PRODUCTS_DIR; };
		3734AC8A1C05B647005FFBAE /* main.m */ = {isa = PBXFileReference; lastKnownFileType = sourcecode.c.objc; path = main.m; sourceTree = "<group>"; };
		3734AC8C1C05B647005FFBAE /* AppDelegate.h */ = {isa = PBXFileReference; lastKnownFileType = sourcecode.c.h; path = AppDelegate.h; sourceTree = "<group>"; };
		3734AC8D1C05B647005FFBAE /* AppDelegate.m */ = {isa = PBXFileReference; lastKnownFileType = sourcecode.c.objc; path = AppDelegate.m; sourceTree = "<group>"; };
		3734AC951C05B647005FFBAE /* Assets.xcassets */ = {isa = PBXFileReference; lastKnownFileType = folder.assetcatalog; path = Assets.xcassets; sourceTree = "<group>"; };
		3734AC981C05B647005FFBAE /* Base */ = {isa = PBXFileReference; lastKnownFileType = file.storyboard; name = Base; path = Base.lproj/LaunchScreen.storyboard; sourceTree = "<group>"; };
		3734AC9A1C05B647005FFBAE /* Info.plist */ = {isa = PBXFileReference; lastKnownFileType = text.plist.xml; path = Info.plist; sourceTree = "<group>"; };
		3734ACA01C05B66B005FFBAE /* LNBViewController.h */ = {isa = PBXFileReference; fileEncoding = 4; lastKnownFileType = sourcecode.c.h; path = LNBViewController.h; sourceTree = "<group>"; };
		3734ACA11C05B66B005FFBAE /* LNBViewController.m */ = {isa = PBXFileReference; fileEncoding = 4; lastKnownFileType = sourcecode.c.objc; path = LNBViewController.m; sourceTree = "<group>"; };
		3734ACA51C05B687005FFBAE /* pig0.png */ = {isa = PBXFileReference; lastKnownFileType = image.png; path = pig0.png; sourceTree = "<group>"; };
		3734ACA61C05B687005FFBAE /* pig1.png */ = {isa = PBXFileReference; lastKnownFileType = image.png; path = pig1.png; sourceTree = "<group>"; };
		3734ACA71C05B687005FFBAE /* pig2.png */ = {isa = PBXFileReference; lastKnownFileType = image.png; path = pig2.png; sourceTree = "<group>"; };
		3734ACA81C05B687005FFBAE /* pig3.png */ = {isa = PBXFileReference; lastKnownFileType = image.png; path = pig3.png; sourceTree = "<group>"; };
		3734ACA91C05B687005FFBAE /* pig4.png */ = {isa = PBXFileReference; lastKnownFileType = image.png; path = pig4.png; sourceTree = "<group>"; };
		3734ACAA1C05B687005FFBAE /* pig5.png */ = {isa = PBXFileReference; lastKnownFileType = image.png; path = pig5.png; sourceTree = "<group>"; };
		3734ACAB1C05B687005FFBAE /* LNBTableViewLoadMoreView.h */ = {isa = PBXFileReference; fileEncoding = 4; lastKnownFileType = sourcecode.c.h; path = LNBTableViewLoadMoreView.h; sourceTree = "<group>"; };
		3734ACAC1C05B687005FFBAE /* LNBTableViewLoadMoreView.m */ = {isa = PBXFileReference; fileEncoding = 4; lastKnownFileType = sourcecode.c.objc; path = LNBTableViewLoadMoreView.m; sourceTree = "<group>"; };
		3734ACAD1C05B687005FFBAE /* LNBTableViewRefreshDefine.h */ = {isa = PBXFileReference; fileEncoding = 4; lastKnownFileType = sourcecode.c.h; path = LNBTableViewRefreshDefine.h; sourceTree = "<group>"; };
		3734ACAE1C05B687005FFBAE /* LNBTableViewRefreshView.h */ = {isa = PBXFileReference; fileEncoding = 4; lastKnownFileType = sourcecode.c.h; path = LNBTableViewRefreshView.h; sourceTree = "<group>"; };
		3734ACAF1C05B687005FFBAE /* LNBTableViewRefreshView.m */ = {isa = PBXFileReference; fileEncoding = 4; lastKnownFileType = sourcecode.c.objc; path = LNBTableViewRefreshView.m; sourceTree = "<group>"; };
/* End PBXFileReference section */

/* Begin PBXFrameworksBuildPhase section */
		3734AC831C05B647005FFBAE /* Frameworks */ = {
			isa = PBXFrameworksBuildPhase;
			buildActionMask = 2147483647;
			files = (
			);
			runOnlyForDeploymentPostprocessing = 0;
		};
/* End PBXFrameworksBuildPhase section */

/* Begin PBXGroup section */
		3734AC7D1C05B647005FFBAE = {
			isa = PBXGroup;
			children = (
				3734AC881C05B647005FFBAE /* LNBTableViewRefresh */,
				3734AC871C05B647005FFBAE /* Products */,
			);
			sourceTree = "<group>";
		};
		3734AC871C05B647005FFBAE /* Products */ = {
			isa = PBXGroup;
			children = (
				3734AC861C05B647005FFBAE /* LNBTableViewRefresh.app */,
			);
			name = Products;
			sourceTree = "<group>";
		};
		3734AC881C05B647005FFBAE /* LNBTableViewRefresh */ = {
			isa = PBXGroup;
			children = (
				3734ACA31C05B687005FFBAE /* LNBTableViewRefresh */,
				3734AC8C1C05B647005FFBAE /* AppDelegate.h */,
				3734AC8D1C05B647005FFBAE /* AppDelegate.m */,
				3734ACA01C05B66B005FFBAE /* LNBViewController.h */,
				3734ACA11C05B66B005FFBAE /* LNBViewController.m */,
				3734AC891C05B647005FFBAE /* Supporting Files */,
			);
			path = LNBTableViewRefresh;
			sourceTree = "<group>";
		};
		3734AC891C05B647005FFBAE /* Supporting Files */ = {
			isa = PBXGroup;
			children = (
				3734AC951C05B647005FFBAE /* Assets.xcassets */,
				3734AC971C05B647005FFBAE /* LaunchScreen.storyboard */,
				3734AC9A1C05B647005FFBAE /* Info.plist */,
				3734AC8A1C05B647005FFBAE /* main.m */,
			);
			name = "Supporting Files";
			sourceTree = "<group>";
		};
		3734ACA31C05B687005FFBAE /* LNBTableViewRefresh */ = {
			isa = PBXGroup;
			children = (
				3734ACA41C05B687005FFBAE /* Images */,
				3734ACAD1C05B687005FFBAE /* LNBTableViewRefreshDefine.h */,
				3734ACAB1C05B687005FFBAE /* LNBTableViewLoadMoreView.h */,
				3734ACAC1C05B687005FFBAE /* LNBTableViewLoadMoreView.m */,
				3734ACAE1C05B687005FFBAE /* LNBTableViewRefreshView.h */,
				3734ACAF1C05B687005FFBAE /* LNBTableViewRefreshView.m */,
			);
			path = LNBTableViewRefresh;
			sourceTree = "<group>";
		};
		3734ACA41C05B687005FFBAE /* Images */ = {
			isa = PBXGroup;
			children = (
				3734ACA51C05B687005FFBAE /* pig0.png */,
				3734ACA61C05B687005FFBAE /* pig1.png */,
				3734ACA71C05B687005FFBAE /* pig2.png */,
				3734ACA81C05B687005FFBAE /* pig3.png */,
				3734ACA91C05B687005FFBAE /* pig4.png */,
				3734ACAA1C05B687005FFBAE /* pig5.png */,
			);
			path = Images;
			sourceTree = "<group>";
		};
/* End PBXGroup section */

/* Begin PBXNativeTarget section */
		3734AC851C05B647005FFBAE /* LNBTableViewRefresh */ = {
			isa = PBXNativeTarget;
			buildConfigurationList = 3734AC9D1C05B647005FFBAE /* Build configuration list for PBXNativeTarget "LNBTableViewRefresh" */;
			buildPhases = (
				3734AC821C05B647005FFBAE /* Sources */,
				3734AC831C05B647005FFBAE /* Frameworks */,
				3734AC841C05B647005FFBAE /* Resources */,
			);
			buildRules = (
			);
			dependencies = (
			);
			name = LNBTableViewRefresh;
			productName = LNBTableViewRefresh;
			productReference = 3734AC861C05B647005FFBAE /* LNBTableViewRefresh.app */;
			productType = "com.apple.product-type.application";
		};
/* End PBXNativeTarget section */

/* Begin PBXProject section */
		3734AC7E1C05B647005FFBAE /* Project object */ = {
			isa = PBXProject;
			attributes = {
				LastUpgradeCheck = 0710;
				ORGANIZATIONNAME = QianFeng;
				TargetAttributes = {
					3734AC851C05B647005FFBAE = {
						CreatedOnToolsVersion = 7.1.1;
						DevelopmentTeam = T58F77STV4;
					};
				};
			};
			buildConfigurationList = 3734AC811C05B647005FFBAE /* Build configuration list for PBXProject "LNBTableViewRefresh" */;
			compatibilityVersion = "Xcode 3.2";
			developmentRegion = English;
			hasScannedForEncodings = 0;
			knownRegions = (
				en,
				Base,
			);
			mainGroup = 3734AC7D1C05B647005FFBAE;
			productRefGroup = 3734AC871C05B647005FFBAE /* Products */;
			projectDirPath = "";
			projectRoot = "";
			targets = (
				3734AC851C05B647005FFBAE /* LNBTableViewRefresh */,
			);
		};
/* End PBXProject section */

/* Begin PBXResourcesBuildPhase section */
		3734AC841C05B647005FFBAE /* Resources */ = {
			isa = PBXResourcesBuildPhase;
			buildActionMask = 2147483647;
			files = (
				3734ACB51C05B687005FFBAE /* pig5.png in Resources */,
				3734ACB11C05B687005FFBAE /* pig1.png in Resources */,
				3734ACB21C05B687005FFBAE /* pig2.png in Resources */,
				3734ACB31C05B687005FFBAE /* pig3.png in Resources */,
				3734AC991C05B647005FFBAE /* LaunchScreen.storyboard in Resources */,
				3734AC961C05B647005FFBAE /* Assets.xcassets in Resources */,
				3734ACB01C05B687005FFBAE /* pig0.png in Resources */,
				3734ACB41C05B687005FFBAE /* pig4.png in Resources */,
			);
			runOnlyForDeploymentPostprocessing = 0;
		};
/* End PBXResourcesBuildPhase section */

/* Begin PBXSourcesBuildPhase section */
		3734AC821C05B647005FFBAE /* Sources */ = {
			isa = PBXSourcesBuildPhase;
			buildActionMask = 2147483647;
			files = (
				3734ACA21C05B66B005FFBAE /* LNBViewController.m in Sources */,
				3734AC8E1C05B647005FFBAE /* AppDelegate.m in Sources */,
				3734ACB61C05B687005FFBAE /* LNBTableViewLoadMoreView.m in Sources */,
				3734ACB71C05B687005FFBAE /* LNBTableViewRefreshView.m in Sources */,
				3734AC8B1C05B647005FFBAE /* main.m in Sources */,
			);
			runOnlyForDeploymentPostprocessing = 0;
		};
/* End PBXSourcesBuildPhase section */

/* Begin PBXVariantGroup section */
		3734AC971C05B647005FFBAE /* LaunchScreen.storyboard */ = {
			isa = PBXVariantGroup;
			children = (
				3734AC981C05B647005FFBAE /* Base */,
			);
			name = LaunchScreen.storyboard;
			sourceTree = "<group>";
		};
/* End PBXVariantGroup section */

/* Begin XCBuildConfiguration section */
		3734AC9B1C05B647005FFBAE /* Debug */ = {
			isa = XCBuildConfiguration;
			buildSettings = {
				ALWAYS_SEARCH_USER_PATHS = NO;
				CLANG_CXX_LANGUAGE_STANDARD = "gnu++0x";
				CLANG_CXX_LIBRARY = "libc++";
				CLANG_ENABLE_MODULES = YES;
				CLANG_ENABLE_OBJC_ARC = YES;
				CLANG_WARN_BOOL_CONVERSION = YES;
				CLANG_WARN_CONSTANT_CONVERSION = YES;
				CLANG_WARN_DIRECT_OBJC_ISA_USAGE = YES_ERROR;
				CLANG_WARN_EMPTY_BODY = YES;
				CLANG_WARN_ENUM_CONVERSION = YES;
				CLANG_WARN_INT_CONVERSION = YES;
				CLANG_WARN_OBJC_ROOT_CLASS = YES_ERROR;
				CLANG_WARN_UNREACHABLE_CODE = YES;
				CLANG_WARN__DUPLICATE_METHOD_MATCH = YES;
				"CODE_SIGN_IDENTITY[sdk=iphoneos*]" = "iPhone Developer";
				COPY_PHASE_STRIP = NO;
				DEBUG_INFORMATION_FORMAT = dwarf;
				ENABLE_STRICT_OBJC_MSGSEND = YES;
				ENABLE_TESTABILITY = YES;
				GCC_C_LANGUAGE_STANDARD = gnu99;
				GCC_DYNAMIC_NO_PIC = NO;
				GCC_NO_COMMON_BLOCKS = YES;
				GCC_OPTIMIZATION_LEVEL = 0;
				GCC_PREPROCESSOR_DEFINITIONS = (
					"DEBUG=1",
					"$(inherited)",
				);
				GCC_WARN_64_TO_32_BIT_CONVERSION = YES;
				GCC_WARN_ABOUT_RETURN_TYPE = YES_ERROR;
				GCC_WARN_UNDECLARED_SELECTOR = YES;
				GCC_WARN_UNINITIALIZED_AUTOS = YES_AGGRESSIVE;
				GCC_WARN_UNUSED_FUNCTION = YES;
				GCC_WARN_UNUSED_VARIABLE = YES;
				IPHONEOS_DEPLOYMENT_TARGET = 9.1;
				MTL_ENABLE_DEBUG_INFO = YES;
				ONLY_ACTIVE_ARCH = YES;
				SDKROOT = iphoneos;
				TARGETED_DEVICE_FAMILY = "1,2";
			};
			name = Debug;
		};
		3734AC9C1C05B647005FFBAE /* Release */ = {
			isa = XCBuildConfiguration;
			buildSettings = {
				ALWAYS_SEARCH_USER_PATHS = NO;
				CLANG_CXX_LANGUAGE_STANDARD = "gnu++0x";
				CLANG_CXX_LIBRARY = "libc++";
				CLANG_ENABLE_MODULES = YES;
				CLANG_ENABLE_OBJC_ARC = YES;
				CLANG_WARN_BOOL_CONVERSION = YES;
				CLANG_WARN_CONSTANT_CONVERSION = YES;
				CLANG_WARN_DIRECT_OBJC_ISA_USAGE = YES_ERROR;
				CLANG_WARN_EMPTY_BODY = YES;
				CLANG_WARN_ENUM_CONVERSION = YES;
				CLANG_WARN_INT_CONVERSION = YES;
				CLANG_WARN_OBJC_ROOT_CLASS = YES_ERROR;
				CLANG_WARN_UNREACHABLE_CODE = YES;
				CLANG_WARN__DUPLICATE_METHOD_MATCH = YES;
				"CODE_SIGN_IDENTITY[sdk=iphoneos*]" = "iPhone Developer";
				COPY_PHASE_STRIP = NO;
				DEBUG_INFORMATION_FORMAT = "dwarf-with-dsym";
				ENABLE_NS_ASSERTIONS = NO;
				ENABLE_STRICT_OBJC_MSGSEND = YES;
				GCC_C_LANGUAGE_STANDARD = gnu99;
				GCC_NO_COMMON_BLOCKS = YES;
				GCC_WARN_64_TO_32_BIT_CONVERSION = YES;
				GCC_WARN_ABOUT_RETURN_TYPE = YES_ERROR;
				GCC_WARN_UNDECLARED_SELECTOR = YES;
				GCC_WARN_UNINITIALIZED_AUTOS = YES_AGGRESSIVE;
				GCC_WARN_UNUSED_FUNCTION = YES;
				GCC_WARN_UNUSED_VARIABLE = YES;
				IPHONEOS_DEPLOYMENT_TARGET = 9.1;
				MTL_ENABLE_DEBUG_INFO = NO;
				SDKROOT = iphoneos;
				TARGETED_DEVICE_FAMILY = "1,2";
				VALIDATE_PRODUCT = YES;
			};
			name = Release;
		};
		3734AC9E1C05B647005FFBAE /* Debug */ = {
			isa = XCBuildConfiguration;
			buildSettings = {
				ASSETCATALOG_COMPILER_APPICON_NAME = AppIcon;
				INFOPLIST_FILE = LNBTableViewRefresh/Info.plist;
				LD_RUNPATH_SEARCH_PATHS = "$(inherited) @executable_path/Frameworks";
				PRODUCT_BUNDLE_IDENTIFIER = com.1000phone.www.LNBTableViewRefresh;
				PRODUCT_NAME = "$(TARGET_NAME)";
			};
			name = Debug;
		};
		3734AC9F1C05B647005FFBAE /* Release */ = {
			isa = XCBuildConfiguration;
			buildSettings = {
				ASSETCATALOG_COMPILER_APPICON_NAME = AppIcon;
				INFOPLIST_FILE = LNBTableViewRefresh/Info.plist;
				LD_RUNPATH_SEARCH_PATHS = "$(inherited) @executable_path/Frameworks";
				PRODUCT_BUNDLE_IDENTIFIER = com.1000phone.www.LNBTableViewRefresh;
				PRODUCT_NAME = "$(TARGET_NAME)";
			};
			name = Release;
		};
/* End XCBuildConfiguration section */

/* Begin XCConfigurationList section */
		3734AC811C05B647005FFBAE /* Build configuration list for PBXProject "LNBTableViewRefresh" */ = {
			isa = XCConfigurationList;
			buildConfigurations = (
				3734AC9B1C05B647005FFBAE /* Debug */,
				3734AC9C1C05B647005FFBAE /* Release */,
			);
			defaultConfigurationIsVisible = 0;
			defaultConfigurationName = Release;
		};
		3734AC9D1C05B647005FFBAE /* Build configuration list for PBXNativeTarget "LNBTableViewRefresh" */ = {
			isa = XCConfigurationList;
			buildConfigurations = (
				3734AC9E1C05B647005FFBAE /* Debug */,
				3734AC9F1C05B647005FFBAE /* Release */,
			);
			defaultConfigurationIsVisible = 0;
			defaultConfigurationName = Release;
		};
/* End XCConfigurationList section */
	};
	rootObject = 3734AC7E1C05B647005FFBAE /* Project object */;
}
